
Microsoft Visual Studio Solution File, Format Version 12.00
# Visual Studio 14
VisualStudioVersion = 14.0.25123.0
MinimumVisualStudioVersion = 10.0.40219.1
Project("{FAE04EC0-301F-11D3-BF4B-00C04F79EFBC}") = "AdoManager", "AdoManager\AdoManager.csproj", "{C6A52698-9C02-49F4-B848-CDFFC6562215}"
EndProject
Project("{2150E333-8FDC-42A3-9474-1A3956D46DE8}") = ".nuget", ".nuget", "{9BC500C4-5B8D-4DAA-9C10-7C0595BA7062}"
	ProjectSection(SolutionItems) = preProject
		.nuget\AdoManager.nuspec = .nuget\AdoManager.nuspec
		.nuget\Connections.tt = .nuget\Connections.tt
		.nuget\CreateNugetPackAfterCompile.bat = .nuget\CreateNugetPackAfterCompile.bat
		.nuget\NuGet.Config = .nuget\NuGet.Config
		.nuget\NuGet.exe = .nuget\NuGet.exe
		.nuget\NuGet.targets = .nuget\NuGet.targets
		.nuget\nupack.bat = .nuget\nupack.bat
		.nuget\readme.txt = .nuget\readme.txt
	EndProjectSection
EndProject
Project("{2150E333-8FDC-42A3-9474-1A3956D46DE8}") = "Solution Items", "Solution Items", "{68CCDE60-252A-439A-B8DF-79FE0C66C3AF}"
	ProjectSection(SolutionItems) = preProject
		..\LICENSE.md = ..\LICENSE.md
		..\README.txt = ..\README.txt
	EndProjectSection
EndProject
Global
	GlobalSection(SolutionConfigurationPlatforms) = preSolution
		Debug|Any CPU = Debug|Any CPU
		Release|Any CPU = Release|Any CPU
	EndGlobalSection
	GlobalSection(ProjectConfigurationPlatforms) = postSolution
		{C6A52698-9C02-49F4-B848-CDFFC6562215}.Debug|Any CPU.ActiveCfg = Debug|Any CPU
		{C6A52698-9C02-49F4-B848-CDFFC6562215}.Debug|Any CPU.Build.0 = Debug|Any CPU
		{C6A52698-9C02-49F4-B848-CDFFC6562215}.Release|Any CPU.ActiveCfg = Release|Any CPU
		{C6A52698-9C02-49F4-B848-CDFFC6562215}.Release|Any CPU.Build.0 = Release|Any CPU
	EndGlobalSection
	GlobalSection(SolutionProperties) = preSolution
		HideSolutionNode = FALSE
	EndGlobalSection
EndGlobal
